
Microsoft Visual Studio Solution File, Format Version 12.00
# Visual Studio Version 16
VisualStudioVersion = 16.0.31410.357
MinimumVisualStudioVersion = 10.0.40219.1
Project("{9A19103F-16F7-4668-BE54-9A1E7A4F7556}") = "AskerTracker.Web", "AskerTracker.Web\AskerTracker.Web.csproj", "{87C68B62-51EF-4463-BD26-BC05A8B3DF66}"
EndProject
Project("{FAE04EC0-301F-11D3-BF4B-00C04F79EFBC}") = "AskerTracker.Domain", "AskerTracker.Domain\AskerTracker.Domain.csproj", "{0F4B9223-0DAD-4B2F-86C9-525342C9E6CF}"
EndProject
Project("{FAE04EC0-301F-11D3-BF4B-00C04F79EFBC}") = "AskerTracker.Infrastructure", "AskerTracker.Infrastructure\AskerTracker.Infrastructure.csproj", "{FE1752D6-2A6E-4211-A9CC-2199CF0E2F2B}"
EndProject
Project("{FAE04EC0-301F-11D3-BF4B-00C04F79EFBC}") = "AskerTracker.Application", "AskerTracker.Application\AskerTracker.Application.csproj", "{0090E145-C2B4-4A31-B0ED-F9012A45053B}"
EndProject
Project("{2150E333-8FDC-42A3-9474-1A3956D46DE8}") = "Core", "Core", "{F270FDEE-9A08-44DC-A803-58E7DCFFEA70}"
EndProject
Project("{2150E333-8FDC-42A3-9474-1A3956D46DE8}") = "Infrastructure", "Infrastructure", "{7C0F3F3A-DF91-415B-BA89-9EE8E7B200FE}"
EndProject
Project("{2150E333-8FDC-42A3-9474-1A3956D46DE8}") = "UI", "UI", "{4AC7DEEE-1401-4F5A-BA18-2A98F75F965B}"
EndProject
Project("{FAE04EC0-301F-11D3-BF4B-00C04F79EFBC}") = "AskerTracker.Persistance", "AskerTracker.Persistence\AskerTracker.Persistence.csproj", "{DEDFC16D-AD89-4138-8DCB-7C479893AF34}"
EndProject
Global
	GlobalSection(SolutionConfigurationPlatforms) = preSolution
		Debug|Any CPU = Debug|Any CPU
		Release|Any CPU = Release|Any CPU
	EndGlobalSection
	GlobalSection(ProjectConfigurationPlatforms) = postSolution
		{87C68B62-51EF-4463-BD26-BC05A8B3DF66}.Debug|Any CPU.ActiveCfg = Debug|Any CPU
		{87C68B62-51EF-4463-BD26-BC05A8B3DF66}.Debug|Any CPU.Build.0 = Debug|Any CPU
		{87C68B62-51EF-4463-BD26-BC05A8B3DF66}.Release|Any CPU.ActiveCfg = Release|Any CPU
		{87C68B62-51EF-4463-BD26-BC05A8B3DF66}.Release|Any CPU.Build.0 = Release|Any CPU
		{0F4B9223-0DAD-4B2F-86C9-525342C9E6CF}.Debug|Any CPU.ActiveCfg = Debug|Any CPU
		{0F4B9223-0DAD-4B2F-86C9-525342C9E6CF}.Debug|Any CPU.Build.0 = Debug|Any CPU
		{0F4B9223-0DAD-4B2F-86C9-525342C9E6CF}.Release|Any CPU.ActiveCfg = Release|Any CPU
		{0F4B9223-0DAD-4B2F-86C9-525342C9E6CF}.Release|Any CPU.Build.0 = Release|Any CPU
		{FE1752D6-2A6E-4211-A9CC-2199CF0E2F2B}.Debug|Any CPU.ActiveCfg = Debug|Any CPU
		{FE1752D6-2A6E-4211-A9CC-2199CF0E2F2B}.Debug|Any CPU.Build.0 = Debug|Any CPU
		{FE1752D6-2A6E-4211-A9CC-2199CF0E2F2B}.Release|Any CPU.ActiveCfg = Release|Any CPU
		{FE1752D6-2A6E-4211-A9CC-2199CF0E2F2B}.Release|Any CPU.Build.0 = Release|Any CPU
		{0090E145-C2B4-4A31-B0ED-F9012A45053B}.Debug|Any CPU.ActiveCfg = Debug|Any CPU
		{0090E145-C2B4-4A31-B0ED-F9012A45053B}.Debug|Any CPU.Build.0 = Debug|Any CPU
		{0090E145-C2B4-4A31-B0ED-F9012A45053B}.Release|Any CPU.ActiveCfg = Release|Any CPU
		{0090E145-C2B4-4A31-B0ED-F9012A45053B}.Release|Any CPU.Build.0 = Release|Any CPU
		{DEDFC16D-AD89-4138-8DCB-7C479893AF34}.Debug|Any CPU.ActiveCfg = Debug|Any CPU
		{DEDFC16D-AD89-4138-8DCB-7C479893AF34}.Debug|Any CPU.Build.0 = Debug|Any CPU
		{DEDFC16D-AD89-4138-8DCB-7C479893AF34}.Release|Any CPU.ActiveCfg = Release|Any CPU
		{DEDFC16D-AD89-4138-8DCB-7C479893AF34}.Release|Any CPU.Build.0 = Release|Any CPU
	EndGlobalSection
	GlobalSection(SolutionProperties) = preSolution
		HideSolutionNode = FALSE
	EndGlobalSection
	GlobalSection(ExtensibilityGlobals) = postSolution
		SolutionGuid = {DD0EA85B-43DE-44FA-8127-35077F6EAD73}
	EndGlobalSection
	GlobalSection(NestedProjects) = preSolution
		{0090E145-C2B4-4A31-B0ED-F9012A45053B} = {F270FDEE-9A08-44DC-A803-58E7DCFFEA70}
		{0F4B9223-0DAD-4B2F-86C9-525342C9E6CF} = {F270FDEE-9A08-44DC-A803-58E7DCFFEA70}
		{FE1752D6-2A6E-4211-A9CC-2199CF0E2F2B} = {7C0F3F3A-DF91-415B-BA89-9EE8E7B200FE}
		{87C68B62-51EF-4463-BD26-BC05A8B3DF66} = {4AC7DEEE-1401-4F5A-BA18-2A98F75F965B}
		{DEDFC16D-AD89-4138-8DCB-7C479893AF34} = {7C0F3F3A-DF91-415B-BA89-9EE8E7B200FE}
	EndGlobalSection
EndGlobal
